// !$*UTF8*$!
{
	archiveVersion = 1;
	classes = {
	};
	objectVersion = 50;
	objects = {

/* Begin PBXBuildFile section */
		8848A52F25C799220061E4A9 /* State+CoreDataClass.swift in Sources */ = {isa = PBXBuildFile; fileRef = 8848A52B25C799220061E4A9 /* State+CoreDataClass.swift */; };
		8848A53025C799220061E4A9 /* State+CoreDataProperties.swift in Sources */ = {isa = PBXBuildFile; fileRef = 8848A52C25C799220061E4A9 /* State+CoreDataProperties.swift */; };
		8848A53125C799220061E4A9 /* Product+CoreDataClass.swift in Sources */ = {isa = PBXBuildFile; fileRef = 8848A52D25C799220061E4A9 /* Product+CoreDataClass.swift */; };
		8848A53225C799220061E4A9 /* Product+CoreDataProperties.swift in Sources */ = {isa = PBXBuildFile; fileRef = 8848A52E25C799220061E4A9 /* Product+CoreDataProperties.swift */; };
		8848A54025C7AD020061E4A9 /* StatesTableViewCell.swift in Sources */ = {isa = PBXBuildFile; fileRef = 8848A53E25C7AD020061E4A9 /* StatesTableViewCell.swift */; };
		8848A54125C7AD020061E4A9 /* StatesTableViewCell.xib in Resources */ = {isa = PBXBuildFile; fileRef = 8848A53F25C7AD020061E4A9 /* StatesTableViewCell.xib */; };
		8848A54625C7AD260061E4A9 /* ProductTableViewCell.swift in Sources */ = {isa = PBXBuildFile; fileRef = 8848A54425C7AD260061E4A9 /* ProductTableViewCell.swift */; };
		8848A54725C7AD260061E4A9 /* ProductTableViewCell.xib in Resources */ = {isa = PBXBuildFile; fileRef = 8848A54525C7AD260061E4A9 /* ProductTableViewCell.xib */; };
		8874B53B25C77E3300FB9552 /* TabBarViewController.swift in Sources */ = {isa = PBXBuildFile; fileRef = 8874B53A25C77E3300FB9552 /* TabBarViewController.swift */; };
		8874B53E25C783C800FB9552 /* TotalPurchaseViewController.swift in Sources */ = {isa = PBXBuildFile; fileRef = 8874B53D25C783C800FB9552 /* TotalPurchaseViewController.swift */; };
		8889F57D25C6ECED0023815D /* AppDelegate.swift in Sources */ = {isa = PBXBuildFile; fileRef = 8889F57C25C6ECED0023815D /* AppDelegate.swift */; };
		8889F57F25C6ECED0023815D /* SceneDelegate.swift in Sources */ = {isa = PBXBuildFile; fileRef = 8889F57E25C6ECED0023815D /* SceneDelegate.swift */; };
		8889F58425C6ECED0023815D /* Main.storyboard in Resources */ = {isa = PBXBuildFile; fileRef = 8889F58225C6ECED0023815D /* Main.storyboard */; };
		8889F58725C6ECED0023815D /* Vinicius.xcdatamodeld in Sources */ = {isa = PBXBuildFile; fileRef = 8889F58525C6ECED0023815D /* Vinicius.xcdatamodeld */; };
		8889F58925C6ECEF0023815D /* Assets.xcassets in Resources */ = {isa = PBXBuildFile; fileRef = 8889F58825C6ECEF0023815D /* Assets.xcassets */; };
		8889F58C25C6ECEF0023815D /* LaunchScreen.storyboard in Resources */ = {isa = PBXBuildFile; fileRef = 8889F58A25C6ECEF0023815D /* LaunchScreen.storyboard */; };
		88B85B1A25C72AD600374106 /* ProductsTableViewController.swift in Sources */ = {isa = PBXBuildFile; fileRef = 88B85B1925C72AD600374106 /* ProductsTableViewController.swift */; };
		88B85B1E25C74F3C00374106 /* RegisterProductViewController.swift in Sources */ = {isa = PBXBuildFile; fileRef = 88B85B1D25C74F3C00374106 /* RegisterProductViewController.swift */; };
		88B85B2325C74FB700374106 /* RegisterStatesViewController.swift in Sources */ = {isa = PBXBuildFile; fileRef = 88B85B2225C74FB700374106 /* RegisterStatesViewController.swift */; };
/* End PBXBuildFile section */

/* Begin PBXFileReference section */
		8848A52B25C799220061E4A9 /* State+CoreDataClass.swift */ = {isa = PBXFileReference; lastKnownFileType = sourcecode.swift; path = "State+CoreDataClass.swift"; sourceTree = SOURCE_ROOT; };
		8848A52C25C799220061E4A9 /* State+CoreDataProperties.swift */ = {isa = PBXFileReference; lastKnownFileType = sourcecode.swift; path = "State+CoreDataProperties.swift"; sourceTree = SOURCE_ROOT; };
		8848A52D25C799220061E4A9 /* Product+CoreDataClass.swift */ = {isa = PBXFileReference; lastKnownFileType = sourcecode.swift; path = "Product+CoreDataClass.swift"; sourceTree = SOURCE_ROOT; };
		8848A52E25C799220061E4A9 /* Product+CoreDataProperties.swift */ = {isa = PBXFileReference; lastKnownFileType = sourcecode.swift; path = "Product+CoreDataProperties.swift"; sourceTree = SOURCE_ROOT; };
		8848A53E25C7AD020061E4A9 /* StatesTableViewCell.swift */ = {isa = PBXFileReference; lastKnownFileType = sourcecode.swift; path = StatesTableViewCell.swift; sourceTree = "<group>"; };
		8848A53F25C7AD020061E4A9 /* StatesTableViewCell.xib */ = {isa = PBXFileReference; lastKnownFileType = file.xib; path = StatesTableViewCell.xib; sourceTree = "<group>"; };
		8848A54425C7AD260061E4A9 /* ProductTableViewCell.swift */ = {isa = PBXFileReference; lastKnownFileType = sourcecode.swift; path = ProductTableViewCell.swift; sourceTree = "<group>"; };
		8848A54525C7AD260061E4A9 /* ProductTableViewCell.xib */ = {isa = PBXFileReference; lastKnownFileType = file.xib; path = ProductTableViewCell.xib; sourceTree = "<group>"; };
		8874B53A25C77E3300FB9552 /* TabBarViewController.swift */ = {isa = PBXFileReference; lastKnownFileType = sourcecode.swift; path = TabBarViewController.swift; sourceTree = "<group>"; };
		8874B53D25C783C800FB9552 /* TotalPurchaseViewController.swift */ = {isa = PBXFileReference; lastKnownFileType = sourcecode.swift; path = TotalPurchaseViewController.swift; sourceTree = "<group>"; };
		8889F57925C6ECED0023815D /* Vinicius.app */ = {isa = PBXFileReference; explicitFileType = wrapper.application; includeInIndex = 0; path = Vinicius.app; sourceTree = BUILT_PRODUCTS_DIR; };
		8889F57C25C6ECED0023815D /* AppDelegate.swift */ = {isa = PBXFileReference; lastKnownFileType = sourcecode.swift; path = AppDelegate.swift; sourceTree = "<group>"; };
		8889F57E25C6ECED0023815D /* SceneDelegate.swift */ = {isa = PBXFileReference; lastKnownFileType = sourcecode.swift; path = SceneDelegate.swift; sourceTree = "<group>"; };
		8889F58325C6ECED0023815D /* Base */ = {isa = PBXFileReference; lastKnownFileType = file.storyboard; name = Base; path = Base.lproj/Main.storyboard; sourceTree = "<group>"; };
		8889F58625C6ECED0023815D /* Vinicius.xcdatamodel */ = {isa = PBXFileReference; lastKnownFileType = wrapper.xcdatamodel; path = Vinicius.xcdatamodel; sourceTree = "<group>"; };
		8889F58825C6ECEF0023815D /* Assets.xcassets */ = {isa = PBXFileReference; lastKnownFileType = folder.assetcatalog; path = Assets.xcassets; sourceTree = "<group>"; };
		8889F58B25C6ECEF0023815D /* Base */ = {isa = PBXFileReference; lastKnownFileType = file.storyboard; name = Base; path = Base.lproj/LaunchScreen.storyboard; sourceTree = "<group>"; };
		8889F58D25C6ECEF0023815D /* Info.plist */ = {isa = PBXFileReference; lastKnownFileType = text.plist.xml; path = Info.plist; sourceTree = "<group>"; };
		88B85B1925C72AD600374106 /* ProductsTableViewController.swift */ = {isa = PBXFileReference; lastKnownFileType = sourcecode.swift; path = ProductsTableViewController.swift; sourceTree = "<group>"; };
		88B85B1D25C74F3C00374106 /* RegisterProductViewController.swift */ = {isa = PBXFileReference; lastKnownFileType = sourcecode.swift; path = RegisterProductViewController.swift; sourceTree = "<group>"; };
		88B85B2225C74FB700374106 /* RegisterStatesViewController.swift */ = {isa = PBXFileReference; lastKnownFileType = sourcecode.swift; path = RegisterStatesViewController.swift; sourceTree = "<group>"; };
/* End PBXFileReference section */

/* Begin PBXFrameworksBuildPhase section */
		8889F57625C6ECED0023815D /* Frameworks */ = {
			isa = PBXFrameworksBuildPhase;
			buildActionMask = 2147483647;
			files = (
			);
			runOnlyForDeploymentPostprocessing = 0;
		};
/* End PBXFrameworksBuildPhase section */

/* Begin PBXGroup section */
		8848A53525C7AC830061E4A9 /* TableViewCell */ = {
			isa = PBXGroup;
			children = (
				8848A53E25C7AD020061E4A9 /* StatesTableViewCell.swift */,
				8848A53F25C7AD020061E4A9 /* StatesTableViewCell.xib */,
				8848A54425C7AD260061E4A9 /* ProductTableViewCell.swift */,
				8848A54525C7AD260061E4A9 /* ProductTableViewCell.xib */,
			);
			path = TableViewCell;
			sourceTree = "<group>";
		};
		8889F57025C6ECED0023815D = {
			isa = PBXGroup;
			children = (
				8889F57B25C6ECED0023815D /* Vinicius */,
				8889F57A25C6ECED0023815D /* Products */,
			);
			sourceTree = "<group>";
		};
		8889F57A25C6ECED0023815D /* Products */ = {
			isa = PBXGroup;
			children = (
				8889F57925C6ECED0023815D /* Vinicius.app */,
			);
			name = Products;
			sourceTree = "<group>";
		};
		8889F57B25C6ECED0023815D /* Vinicius */ = {
			isa = PBXGroup;
			children = (
				8848A53525C7AC830061E4A9 /* TableViewCell */,
				88B85B2E25C76A4700374106 /* CoreData */,
				8889F57C25C6ECED0023815D /* AppDelegate.swift */,
				8889F57E25C6ECED0023815D /* SceneDelegate.swift */,
				88B85B1925C72AD600374106 /* ProductsTableViewController.swift */,
				88B85B1D25C74F3C00374106 /* RegisterProductViewController.swift */,
				88B85B2225C74FB700374106 /* RegisterStatesViewController.swift */,
				8874B53D25C783C800FB9552 /* TotalPurchaseViewController.swift */,
				8889F58225C6ECED0023815D /* Main.storyboard */,
				8889F58825C6ECEF0023815D /* Assets.xcassets */,
				8889F58A25C6ECEF0023815D /* LaunchScreen.storyboard */,
				8889F58D25C6ECEF0023815D /* Info.plist */,
				8889F58525C6ECED0023815D /* Vinicius.xcdatamodeld */,
				8874B53A25C77E3300FB9552 /* TabBarViewController.swift */,
			);
			path = Vinicius;
			sourceTree = "<group>";
		};
		88B85B2E25C76A4700374106 /* CoreData */ = {
			isa = PBXGroup;
			children = (
				8848A52B25C799220061E4A9 /* State+CoreDataClass.swift */,
				8848A52C25C799220061E4A9 /* State+CoreDataProperties.swift */,
				8848A52D25C799220061E4A9 /* Product+CoreDataClass.swift */,
				8848A52E25C799220061E4A9 /* Product+CoreDataProperties.swift */,
			);
			path = CoreData;
			sourceTree = "<group>";
		};
/* End PBXGroup section */

/* Begin PBXNativeTarget section */
		8889F57825C6ECED0023815D /* Vinicius */ = {
			isa = PBXNativeTarget;
			buildConfigurationList = 8889F59025C6ECEF0023815D /* Build configuration list for PBXNativeTarget "Vinicius" */;
			buildPhases = (
				8889F57525C6ECED0023815D /* Sources */,
				8889F57625C6ECED0023815D /* Frameworks */,
				8889F57725C6ECED0023815D /* Resources */,
			);
			buildRules = (
			);
			dependencies = (
			);
			name = Vinicius;
			productName = Vinicius;
			productReference = 8889F57925C6ECED0023815D /* Vinicius.app */;
			productType = "com.apple.product-type.application";
		};
/* End PBXNativeTarget section */

/* Begin PBXProject section */
		8889F57125C6ECED0023815D /* Project object */ = {
			isa = PBXProject;
			attributes = {
				LastSwiftUpdateCheck = 1230;
				LastUpgradeCheck = 1230;
				TargetAttributes = {
					8889F57825C6ECED0023815D = {
						CreatedOnToolsVersion = 12.3;
					};
				};
			};
			buildConfigurationList = 8889F57425C6ECED0023815D /* Build configuration list for PBXProject "Vinicius" */;
			compatibilityVersion = "Xcode 9.3";
			developmentRegion = en;
			hasScannedForEncodings = 0;
			knownRegions = (
				en,
				Base,
			);
			mainGroup = 8889F57025C6ECED0023815D;
			productRefGroup = 8889F57A25C6ECED0023815D /* Products */;
			projectDirPath = "";
			projectRoot = "";
			targets = (
				8889F57825C6ECED0023815D /* Vinicius */,
			);
		};
/* End PBXProject section */

/* Begin PBXResourcesBuildPhase section */
		8889F57725C6ECED0023815D /* Resources */ = {
			isa = PBXResourcesBuildPhase;
			buildActionMask = 2147483647;
			files = (
				8889F58C25C6ECEF0023815D /* LaunchScreen.storyboard in Resources */,
				8889F58925C6ECEF0023815D /* Assets.xcassets in Resources */,
				8848A54725C7AD260061E4A9 /* ProductTableViewCell.xib in Resources */,
				8889F58425C6ECED0023815D /* Main.storyboard in Resources */,
				8848A54125C7AD020061E4A9 /* StatesTableViewCell.xib in Resources */,
			);
			runOnlyForDeploymentPostprocessing = 0;
		};
/* End PBXResourcesBuildPhase section */

/* Begin PBXSourcesBuildPhase section */
		8889F57525C6ECED0023815D /* Sources */ = {
			isa = PBXSourcesBuildPhase;
			buildActionMask = 2147483647;
			files = (
				8889F57D25C6ECED0023815D /* AppDelegate.swift in Sources */,
				8848A54025C7AD020061E4A9 /* StatesTableViewCell.swift in Sources */,
				8848A53025C799220061E4A9 /* State+CoreDataProperties.swift in Sources */,
				8848A53225C799220061E4A9 /* Product+CoreDataProperties.swift in Sources */,
				8874B53E25C783C800FB9552 /* TotalPurchaseViewController.swift in Sources */,
				8874B53B25C77E3300FB9552 /* TabBarViewController.swift in Sources */,
				88B85B1A25C72AD600374106 /* ProductsTableViewController.swift in Sources */,
				8848A53125C799220061E4A9 /* Product+CoreDataClass.swift in Sources */,
				8848A52F25C799220061E4A9 /* State+CoreDataClass.swift in Sources */,
				8848A54625C7AD260061E4A9 /* ProductTableViewCell.swift in Sources */,
				8889F57F25C6ECED0023815D /* SceneDelegate.swift in Sources */,
				88B85B2325C74FB700374106 /* RegisterStatesViewController.swift in Sources */,
				8889F58725C6ECED0023815D /* Vinicius.xcdatamodeld in Sources */,
				88B85B1E25C74F3C00374106 /* RegisterProductViewController.swift in Sources */,
			);
			runOnlyForDeploymentPostprocessing = 0;
		};
/* End PBXSourcesBuildPhase section */

/* Begin PBXVariantGroup section */
		8889F58225C6ECED0023815D /* Main.storyboard */ = {
			isa = PBXVariantGroup;
			children = (
				8889F58325C6ECED0023815D /* Base */,
			);
			name = Main.storyboard;
			sourceTree = "<group>";
		};
		8889F58A25C6ECEF0023815D /* LaunchScreen.storyboard */ = {
			isa = PBXVariantGroup;
			children = (
				8889F58B25C6ECEF0023815D /* Base */,
			);
			name = LaunchScreen.storyboard;
			sourceTree = "<group>";
		};
/* End PBXVariantGroup section */

/* Begin XCBuildConfiguration section */
		8889F58E25C6ECEF0023815D /* Debug */ = {
			isa = XCBuildConfiguration;
			buildSettings = {
				ALWAYS_SEARCH_USER_PATHS = NO;
				CLANG_ANALYZER_NONNULL = YES;
				CLANG_ANALYZER_NUMBER_OBJECT_CONVERSION = YES_AGGRESSIVE;
				CLANG_CXX_LANGUAGE_STANDARD = "gnu++14";
				CLANG_CXX_LIBRARY = "libc++";
				CLANG_ENABLE_MODULES = YES;
				CLANG_ENABLE_OBJC_ARC = YES;
				CLANG_ENABLE_OBJC_WEAK = YES;
				CLANG_WARN_BLOCK_CAPTURE_AUTORELEASING = YES;
				CLANG_WARN_BOOL_CONVERSION = YES;
				CLANG_WARN_COMMA = YES;
				CLANG_WARN_CONSTANT_CONVERSION = YES;
				CLANG_WARN_DEPRECATED_OBJC_IMPLEMENTATIONS = YES;
				CLANG_WARN_DIRECT_OBJC_ISA_USAGE = YES_ERROR;
				CLANG_WARN_DOCUMENTATION_COMMENTS = YES;
				CLANG_WARN_EMPTY_BODY = YES;
				CLANG_WARN_ENUM_CONVERSION = YES;
				CLANG_WARN_INFINITE_RECURSION = YES;
				CLANG_WARN_INT_CONVERSION = YES;
				CLANG_WARN_NON_LITERAL_NULL_CONVERSION = YES;
				CLANG_WARN_OBJC_IMPLICIT_RETAIN_SELF = YES;
				CLANG_WARN_OBJC_LITERAL_CONVERSION = YES;
				CLANG_WARN_OBJC_ROOT_CLASS = YES_ERROR;
				CLANG_WARN_QUOTED_INCLUDE_IN_FRAMEWORK_HEADER = YES;
				CLANG_WARN_RANGE_LOOP_ANALYSIS = YES;
				CLANG_WARN_STRICT_PROTOTYPES = YES;
				CLANG_WARN_SUSPICIOUS_MOVE = YES;
				CLANG_WARN_UNGUARDED_AVAILABILITY = YES_AGGRESSIVE;
				CLANG_WARN_UNREACHABLE_CODE = YES;
				CLANG_WARN__DUPLICATE_METHOD_MATCH = YES;
				COPY_PHASE_STRIP = NO;
				DEBUG_INFORMATION_FORMAT = dwarf;
				ENABLE_STRICT_OBJC_MSGSEND = YES;
				ENABLE_TESTABILITY = YES;
				GCC_C_LANGUAGE_STANDARD = gnu11;
				GCC_DYNAMIC_NO_PIC = NO;
				GCC_NO_COMMON_BLOCKS = YES;
				GCC_OPTIMIZATION_LEVEL = 0;
				GCC_PREPROCESSOR_DEFINITIONS = (
					"DEBUG=1",
					"$(inherited)",
				);
				GCC_WARN_64_TO_32_BIT_CONVERSION = YES;
				GCC_WARN_ABOUT_RETURN_TYPE = YES_ERROR;
				GCC_WARN_UNDECLARED_SELECTOR = YES;
				GCC_WARN_UNINITIALIZED_AUTOS = YES_AGGRESSIVE;
				GCC_WARN_UNUSED_FUNCTION = YES;
				GCC_WARN_UNUSED_VARIABLE = YES;
				IPHONEOS_DEPLOYMENT_TARGET = 14.3;
				MTL_ENABLE_DEBUG_INFO = INCLUDE_SOURCE;
				MTL_FAST_MATH = YES;
				ONLY_ACTIVE_ARCH = YES;
				SDKROOT = iphoneos;
				SWIFT_ACTIVE_COMPILATION_CONDITIONS = DEBUG;
				SWIFT_OPTIMIZATION_LEVEL = "-Onone";
			};
			name = Debug;
		};
		8889F58F25C6ECEF0023815D /* Release */ = {
			isa = XCBuildConfiguration;
			buildSettings = {
				ALWAYS_SEARCH_USER_PATHS = NO;
				CLANG_ANALYZER_NONNULL = YES;
				CLANG_ANALYZER_NUMBER_OBJECT_CONVERSION = YES_AGGRESSIVE;
				CLANG_CXX_LANGUAGE_STANDARD = "gnu++14";
				CLANG_CXX_LIBRARY = "libc++";
				CLANG_ENABLE_MODULES = YES;
				CLANG_ENABLE_OBJC_ARC = YES;
				CLANG_ENABLE_OBJC_WEAK = YES;
				CLANG_WARN_BLOCK_CAPTURE_AUTORELEASING = YES;
				CLANG_WARN_BOOL_CONVERSION = YES;
				CLANG_WARN_COMMA = YES;
				CLANG_WARN_CONSTANT_CONVERSION = YES;
				CLANG_WARN_DEPRECATED_OBJC_IMPLEMENTATIONS = YES;
				CLANG_WARN_DIRECT_OBJC_ISA_USAGE = YES_ERROR;
				CLANG_WARN_DOCUMENTATION_COMMENTS = YES;
				CLANG_WARN_EMPTY_BODY = YES;
				CLANG_WARN_ENUM_CONVERSION = YES;
				CLANG_WARN_INFINITE_RECURSION = YES;
				CLANG_WARN_INT_CONVERSION = YES;
				CLANG_WARN_NON_LITERAL_NULL_CONVERSION = YES;
				CLANG_WARN_OBJC_IMPLICIT_RETAIN_SELF = YES;
				CLANG_WARN_OBJC_LITERAL_CONVERSION = YES;
				CLANG_WARN_OBJC_ROOT_CLASS = YES_ERROR;
				CLANG_WARN_QUOTED_INCLUDE_IN_FRAMEWORK_HEADER = YES;
				CLANG_WARN_RANGE_LOOP_ANALYSIS = YES;
				CLANG_WARN_STRICT_PROTOTYPES = YES;
				CLANG_WARN_SUSPICIOUS_MOVE = YES;
				CLANG_WARN_UNGUARDED_AVAILABILITY = YES_AGGRESSIVE;
				CLANG_WARN_UNREACHABLE_CODE = YES;
				CLANG_WARN__DUPLICATE_METHOD_MATCH = YES;
				COPY_PHASE_STRIP = NO;
				DEBUG_INFORMATION_FORMAT = "dwarf-with-dsym";
				ENABLE_NS_ASSERTIONS = NO;
				ENABLE_STRICT_OBJC_MSGSEND = YES;
				GCC_C_LANGUAGE_STANDARD = gnu11;
				GCC_NO_COMMON_BLOCKS = YES;
				GCC_WARN_64_TO_32_BIT_CONVERSION = YES;
				GCC_WARN_ABOUT_RETURN_TYPE = YES_ERROR;
				GCC_WARN_UNDECLARED_SELECTOR = YES;
				GCC_WARN_UNINITIALIZED_AUTOS = YES_AGGRESSIVE;
				GCC_WARN_UNUSED_FUNCTION = YES;
				GCC_WARN_UNUSED_VARIABLE = YES;
				IPHONEOS_DEPLOYMENT_TARGET = 14.3;
				MTL_ENABLE_DEBUG_INFO = NO;
				MTL_FAST_MATH = YES;
				SDKROOT = iphoneos;
				SWIFT_COMPILATION_MODE = wholemodule;
				SWIFT_OPTIMIZATION_LEVEL = "-O";
				VALIDATE_PRODUCT = YES;
			};
			name = Release;
		};
		8889F59125C6ECEF0023815D /* Debug */ = {
			isa = XCBuildConfiguration;
			buildSettings = {
				ASSETCATALOG_COMPILER_APPICON_NAME = AppIcon;
				ASSETCATALOG_COMPILER_GLOBAL_ACCENT_COLOR_NAME = AccentColor;
				CODE_SIGN_STYLE = Automatic;
				INFOPLIST_FILE = Vinicius/Info.plist;
				LD_RUNPATH_SEARCH_PATHS = (
					"$(inherited)",
					"@executable_path/Frameworks",
				);
				PRODUCT_BUNDLE_IDENTIFIER = com.fiap.Vinicius;
				PRODUCT_NAME = "$(TARGET_NAME)";
				SWIFT_VERSION = 5.0;
				TARGETED_DEVICE_FAMILY = 1;
			};
			name = Debug;
		};
		8889F59225C6ECEF0023815D /* Release */ = {
			isa = XCBuildConfiguration;
			buildSettings = {
				ASSETCATALOG_COMPILER_APPICON_NAME = AppIcon;
				ASSETCATALOG_COMPILER_GLOBAL_ACCENT_COLOR_NAME = AccentColor;
				CODE_SIGN_STYLE = Automatic;
				INFOPLIST_FILE = Vinicius/Info.plist;
				LD_RUNPATH_SEARCH_PATHS = (
					"$(inherited)",
					"@executable_path/Frameworks",
				);
				PRODUCT_BUNDLE_IDENTIFIER = com.fiap.Vinicius;
				PRODUCT_NAME = "$(TARGET_NAME)";
				SWIFT_VERSION = 5.0;
				TARGETED_DEVICE_FAMILY = 1;
			};
			name = Release;
		};
/* End XCBuildConfiguration section */

/* Begin XCConfigurationList section */
		8889F57425C6ECED0023815D /* Build configuration list for PBXProject "Vinicius" */ = {
			isa = XCConfigurationList;
			buildConfigurations = (
				8889F58E25C6ECEF0023815D /* Debug */,
				8889F58F25C6ECEF0023815D /* Release */,
			);
			defaultConfigurationIsVisible = 0;
			defaultConfigurationName = Release;
		};
		8889F59025C6ECEF0023815D /* Build configuration list for PBXNativeTarget "Vinicius" */ = {
			isa = XCConfigurationList;
			buildConfigurations = (
				8889F59125C6ECEF0023815D /* Debug */,
				8889F59225C6ECEF0023815D /* Release */,
			);
			defaultConfigurationIsVisible = 0;
			defaultConfigurationName = Release;
		};
/* End XCConfigurationList section */

/* Begin XCVersionGroup section */
		8889F58525C6ECED0023815D /* Vinicius.xcdatamodeld */ = {
			isa = XCVersionGroup;
			children = (
				8889F58625C6ECED0023815D /* Vinicius.xcdatamodel */,
			);
			currentVersion = 8889F58625C6ECED0023815D /* Vinicius.xcdatamodel */;
			path = Vinicius.xcdatamodeld;
			sourceTree = "<group>";
			versionGroupType = wrapper.xcdatamodel;
		};
/* End XCVersionGroup section */
	};
	rootObject = 8889F57125C6ECED0023815D /* Project object */;
}
